// !$*UTF8*$!
{
	archiveVersion = 1;
	classes = {
	};
	objectVersion = 50;
	objects = {

/* Begin PBXBuildFile section */
		C47356692626D7D6007BFBC8 /* AppDelegate.swift in Sources */ = {isa = PBXBuildFile; fileRef = C47356682626D7D6007BFBC8 /* AppDelegate.swift */; };
		C473566B2626D7D6007BFBC8 /* SceneDelegate.swift in Sources */ = {isa = PBXBuildFile; fileRef = C473566A2626D7D6007BFBC8 /* SceneDelegate.swift */; };
		C47356722626D7D7007BFBC8 /* Assets.xcassets in Resources */ = {isa = PBXBuildFile; fileRef = C47356712626D7D7007BFBC8 /* Assets.xcassets */; };
		C47356752626D7D7007BFBC8 /* LaunchScreen.storyboard in Resources */ = {isa = PBXBuildFile; fileRef = C47356732626D7D7007BFBC8 /* LaunchScreen.storyboard */; };
		C47356802626D8AB007BFBC8 /* ViewController.swift in Sources */ = {isa = PBXBuildFile; fileRef = C473567E2626D8AB007BFBC8 /* ViewController.swift */; };
		C47356812626D8AB007BFBC8 /* ViewController.xib in Resources */ = {isa = PBXBuildFile; fileRef = C473567F2626D8AB007BFBC8 /* ViewController.xib */; };
		C47356872626DD81007BFBC8 /* AddViewController.swift in Sources */ = {isa = PBXBuildFile; fileRef = C47356852626DD81007BFBC8 /* AddViewController.swift */; };
		C47356882626DD81007BFBC8 /* AddViewController.xib in Resources */ = {isa = PBXBuildFile; fileRef = C47356862626DD81007BFBC8 /* AddViewController.xib */; };
/* End PBXBuildFile section */

/* Begin PBXFileReference section */
		C47356652626D7D6007BFBC8 /* Remider.app */ = {isa = PBXFileReference; explicitFileType = wrapper.application; includeInIndex = 0; path = Remider.app; sourceTree = BUILT_PRODUCTS_DIR; };
		C47356682626D7D6007BFBC8 /* AppDelegate.swift */ = {isa = PBXFileReference; lastKnownFileType = sourcecode.swift; path = AppDelegate.swift; sourceTree = "<group>"; };
		C473566A2626D7D6007BFBC8 /* SceneDelegate.swift */ = {isa = PBXFileReference; lastKnownFileType = sourcecode.swift; path = SceneDelegate.swift; sourceTree = "<group>"; };
		C47356712626D7D7007BFBC8 /* Assets.xcassets */ = {isa = PBXFileReference; lastKnownFileType = folder.assetcatalog; path = Assets.xcassets; sourceTree = "<group>"; };
		C47356742626D7D7007BFBC8 /* Base */ = {isa = PBXFileReference; lastKnownFileType = file.storyboard; name = Base; path = Base.lproj/LaunchScreen.storyboard; sourceTree = "<group>"; };
		C47356762626D7D7007BFBC8 /* Info.plist */ = {isa = PBXFileReference; lastKnownFileType = text.plist.xml; path = Info.plist; sourceTree = "<group>"; };
		C473567E2626D8AB007BFBC8 /* ViewController.swift */ = {isa = PBXFileReference; lastKnownFileType = sourcecode.swift; path = ViewController.swift; sourceTree = "<group>"; };
		C473567F2626D8AB007BFBC8 /* ViewController.xib */ = {isa = PBXFileReference; lastKnownFileType = file.xib; path = ViewController.xib; sourceTree = "<group>"; };
		C47356852626DD81007BFBC8 /* AddViewController.swift */ = {isa = PBXFileReference; lastKnownFileType = sourcecode.swift; path = AddViewController.swift; sourceTree = "<group>"; };
		C47356862626DD81007BFBC8 /* AddViewController.xib */ = {isa = PBXFileReference; lastKnownFileType = file.xib; path = AddViewController.xib; sourceTree = "<group>"; };
/* End PBXFileReference section */

/* Begin PBXFrameworksBuildPhase section */
		C47356622626D7D6007BFBC8 /* Frameworks */ = {
			isa = PBXFrameworksBuildPhase;
			buildActionMask = 2147483647;
			files = (
			);
			runOnlyForDeploymentPostprocessing = 0;
		};
/* End PBXFrameworksBuildPhase section */

/* Begin PBXGroup section */
		C473565C2626D7D6007BFBC8 = {
			isa = PBXGroup;
			children = (
				C47356672626D7D6007BFBC8 /* Remider */,
				C47356662626D7D6007BFBC8 /* Products */,
			);
			sourceTree = "<group>";
		};
		C47356662626D7D6007BFBC8 /* Products */ = {
			isa = PBXGroup;
			children = (
				C47356652626D7D6007BFBC8 /* Remider.app */,
			);
			name = Products;
			sourceTree = "<group>";
		};
		C47356672626D7D6007BFBC8 /* Remider */ = {
			isa = PBXGroup;
			children = (
				C47356682626D7D6007BFBC8 /* AppDelegate.swift */,
				C473566A2626D7D6007BFBC8 /* SceneDelegate.swift */,
				C47356712626D7D7007BFBC8 /* Assets.xcassets */,
				C47356732626D7D7007BFBC8 /* LaunchScreen.storyboard */,
				C47356762626D7D7007BFBC8 /* Info.plist */,
				C473567E2626D8AB007BFBC8 /* ViewController.swift */,
				C473567F2626D8AB007BFBC8 /* ViewController.xib */,
				C47356852626DD81007BFBC8 /* AddViewController.swift */,
				C47356862626DD81007BFBC8 /* AddViewController.xib */,
			);
			path = Remider;
			sourceTree = "<group>";
		};
/* End PBXGroup section */

/* Begin PBXNativeTarget section */
		C47356642626D7D6007BFBC8 /* Remider */ = {
			isa = PBXNativeTarget;
			buildConfigurationList = C47356792626D7D7007BFBC8 /* Build configuration list for PBXNativeTarget "Remider" */;
			buildPhases = (
				C47356612626D7D6007BFBC8 /* Sources */,
				C47356622626D7D6007BFBC8 /* Frameworks */,
				C47356632626D7D6007BFBC8 /* Resources */,
			);
			buildRules = (
			);
			dependencies = (
			);
			name = Remider;
			productName = Remider;
			productReference = C47356652626D7D6007BFBC8 /* Remider.app */;
			productType = "com.apple.product-type.application";
		};
/* End PBXNativeTarget section */

/* Begin PBXProject section */
		C473565D2626D7D6007BFBC8 /* Project object */ = {
			isa = PBXProject;
			attributes = {
				LastSwiftUpdateCheck = 1240;
				LastUpgradeCheck = 1240;
				TargetAttributes = {
					C47356642626D7D6007BFBC8 = {
						CreatedOnToolsVersion = 12.4;
					};
				};
			};
			buildConfigurationList = C47356602626D7D6007BFBC8 /* Build configuration list for PBXProject "Remider" */;
			compatibilityVersion = "Xcode 9.3";
			developmentRegion = en;
			hasScannedForEncodings = 0;
			knownRegions = (
				en,
				Base,
			);
			mainGroup = C473565C2626D7D6007BFBC8;
			productRefGroup = C47356662626D7D6007BFBC8 /* Products */;
			projectDirPath = "";
			projectRoot = "";
			targets = (
				C47356642626D7D6007BFBC8 /* Remider */,
			);
		};
/* End PBXProject section */

/* Begin PBXResourcesBuildPhase section */
		C47356632626D7D6007BFBC8 /* Resources */ = {
			isa = PBXResourcesBuildPhase;
			buildActionMask = 2147483647;
			files = (
				C47356752626D7D7007BFBC8 /* LaunchScreen.storyboard in Resources */,
				C47356812626D8AB007BFBC8 /* ViewController.xib in Resources */,
				C47356882626DD81007BFBC8 /* AddViewController.xib in Resources */,
				C47356722626D7D7007BFBC8 /* Assets.xcassets in Resources */,
			);
			runOnlyForDeploymentPostprocessing = 0;
		};
/* End PBXResourcesBuildPhase section */

/* Begin PBXSourcesBuildPhase section */
		C47356612626D7D6007BFBC8 /* Sources */ = {
			isa = PBXSourcesBuildPhase;
			buildActionMask = 2147483647;
			files = (
				C47356802626D8AB007BFBC8 /* ViewController.swift in Sources */,
				C47356692626D7D6007BFBC8 /* AppDelegate.swift in Sources */,
				C47356872626DD81007BFBC8 /* AddViewController.swift in Sources */,
				C473566B2626D7D6007BFBC8 /* SceneDelegate.swift in Sources */,
			);
			runOnlyForDeploymentPostprocessing = 0;
		};
/* End PBXSourcesBuildPhase section */

/* Begin PBXVariantGroup section */
		C47356732626D7D7007BFBC8 /* LaunchScreen.storyboard */ = {
			isa = PBXVariantGroup;
			children = (
				C47356742626D7D7007BFBC8 /* Base */,
			);
			name = LaunchScreen.storyboard;
			sourceTree = "<group>";
		};
/* End PBXVariantGroup section */

/* Begin XCBuildConfiguration section */
		C47356772626D7D7007BFBC8 /* Debug */ = {
			isa = XCBuildConfiguration;
			buildSettings = {
				ALWAYS_SEARCH_USER_PATHS = NO;
				CLANG_ANALYZER_NONNULL = YES;
				CLANG_ANALYZER_NUMBER_OBJECT_CONVERSION = YES_AGGRESSIVE;
				CLANG_CXX_LANGUAGE_STANDARD = "gnu++14";
				CLANG_CXX_LIBRARY = "libc++";
				CLANG_ENABLE_MODULES = YES;
				CLANG_ENABLE_OBJC_ARC = YES;
				CLANG_ENABLE_OBJC_WEAK = YES;
				CLANG_WARN_BLOCK_CAPTURE_AUTORELEASING = YES;
				CLANG_WARN_BOOL_CONVERSION = YES;
				CLANG_WARN_COMMA = YES;
				CLANG_WARN_CONSTANT_CONVERSION = YES;
				CLANG_WARN_DEPRECATED_OBJC_IMPLEMENTATIONS = YES;
				CLANG_WARN_DIRECT_OBJC_ISA_USAGE = YES_ERROR;
				CLANG_WARN_DOCUMENTATION_COMMENTS = YES;
				CLANG_WARN_EMPTY_BODY = YES;
				CLANG_WARN_ENUM_CONVERSION = YES;
				CLANG_WARN_INFINITE_RECURSION = YES;
				CLANG_WARN_INT_CONVERSION = YES;
				CLANG_WARN_NON_LITERAL_NULL_CONVERSION = YES;
				CLANG_WARN_OBJC_IMPLICIT_RETAIN_SELF = YES;
				CLANG_WARN_OBJC_LITERAL_CONVERSION = YES;
				CLANG_WARN_OBJC_ROOT_CLASS = YES_ERROR;
				CLANG_WARN_QUOTED_INCLUDE_IN_FRAMEWORK_HEADER = YES;
				CLANG_WARN_RANGE_LOOP_ANALYSIS = YES;
				CLANG_WARN_STRICT_PROTOTYPES = YES;
				CLANG_WARN_SUSPICIOUS_MOVE = YES;
				CLANG_WARN_UNGUARDED_AVAILABILITY = YES_AGGRESSIVE;
				CLANG_WARN_UNREACHABLE_CODE = YES;
				CLANG_WARN__DUPLICATE_METHOD_MATCH = YES;
				COPY_PHASE_STRIP = NO;
				DEBUG_INFORMATION_FORMAT = dwarf;
				ENABLE_STRICT_OBJC_MSGSEND = YES;
				ENABLE_TESTABILITY = YES;
				GCC_C_LANGUAGE_STANDARD = gnu11;
				GCC_DYNAMIC_NO_PIC = NO;
				GCC_NO_COMMON_BLOCKS = YES;
				GCC_OPTIMIZATION_LEVEL = 0;
				GCC_PREPROCESSOR_DEFINITIONS = (
					"DEBUG=1",
					"$(inherited)",
				);
				GCC_WARN_64_TO_32_BIT_CONVERSION = YES;
				GCC_WARN_ABOUT_RETURN_TYPE = YES_ERROR;
				GCC_WARN_UNDECLARED_SELECTOR = YES;
				GCC_WARN_UNINITIALIZED_AUTOS = YES_AGGRESSIVE;
				GCC_WARN_UNUSED_FUNCTION = YES;
				GCC_WARN_UNUSED_VARIABLE = YES;
				IPHONEOS_DEPLOYMENT_TARGET = 14.4;
				MTL_ENABLE_DEBUG_INFO = INCLUDE_SOURCE;
				MTL_FAST_MATH = YES;
				ONLY_ACTIVE_ARCH = YES;
				SDKROOT = iphoneos;
				SWIFT_ACTIVE_COMPILATION_CONDITIONS = DEBUG;
				SWIFT_OPTIMIZATION_LEVEL = "-Onone";
			};
			name = Debug;
		};
		C47356782626D7D7007BFBC8 /* Release */ = {
			isa = XCBuildConfiguration;
			buildSettings = {
				ALWAYS_SEARCH_USER_PATHS = NO;
				CLANG_ANALYZER_NONNULL = YES;
				CLANG_ANALYZER_NUMBER_OBJECT_CONVERSION = YES_AGGRESSIVE;
				CLANG_CXX_LANGUAGE_STANDARD = "gnu++14";
				CLANG_CXX_LIBRARY = "libc++";
				CLANG_ENABLE_MODULES = YES;
				CLANG_ENABLE_OBJC_ARC = YES;
				CLANG_ENABLE_OBJC_WEAK = YES;
				CLANG_WARN_BLOCK_CAPTURE_AUTORELEASING = YES;
				CLANG_WARN_BOOL_CONVERSION = YES;
				CLANG_WARN_COMMA = YES;
				CLANG_WARN_CONSTANT_CONVERSION = YES;
				CLANG_WARN_DEPRECATED_OBJC_IMPLEMENTATIONS = YES;
				CLANG_WARN_DIRECT_OBJC_ISA_USAGE = YES_ERROR;
				CLANG_WARN_DOCUMENTATION_COMMENTS = YES;
				CLANG_WARN_EMPTY_BODY = YES;
				CLANG_WARN_ENUM_CONVERSION = YES;
				CLANG_WARN_INFINITE_RECURSION = YES;
				CLANG_WARN_INT_CONVERSION = YES;
				CLANG_WARN_NON_LITERAL_NULL_CONVERSION = YES;
				CLANG_WARN_OBJC_IMPLICIT_RETAIN_SELF = YES;
				CLANG_WARN_OBJC_LITERAL_CONVERSION = YES;
				CLANG_WARN_OBJC_ROOT_CLASS = YES_ERROR;
				CLANG_WARN_QUOTED_INCLUDE_IN_FRAMEWORK_HEADER = YES;
				CLANG_WARN_RANGE_LOOP_ANALYSIS = YES;
				CLANG_WARN_STRICT_PROTOTYPES = YES;
				CLANG_WARN_SUSPICIOUS_MOVE = YES;
				CLANG_WARN_UNGUARDED_AVAILABILITY = YES_AGGRESSIVE;
				CLANG_WARN_UNREACHABLE_CODE = YES;
				CLANG_WARN__DUPLICATE_METHOD_MATCH = YES;
				COPY_PHASE_STRIP = NO;
				DEBUG_INFORMATION_FORMAT = "dwarf-with-dsym";
				ENABLE_NS_ASSERTIONS = NO;
				ENABLE_STRICT_OBJC_MSGSEND = YES;
				GCC_C_LANGUAGE_STANDARD = gnu11;
				GCC_NO_COMMON_BLOCKS = YES;
				GCC_WARN_64_TO_32_BIT_CONVERSION = YES;
				GCC_WARN_ABOUT_RETURN_TYPE = YES_ERROR;
				GCC_WARN_UNDECLARED_SELECTOR = YES;
				GCC_WARN_UNINITIALIZED_AUTOS = YES_AGGRESSIVE;
				GCC_WARN_UNUSED_FUNCTION = YES;
				GCC_WARN_UNUSED_VARIABLE = YES;
				IPHONEOS_DEPLOYMENT_TARGET = 14.4;
				MTL_ENABLE_DEBUG_INFO = NO;
				MTL_FAST_MATH = YES;
				SDKROOT = iphoneos;
				SWIFT_COMPILATION_MODE = wholemodule;
				SWIFT_OPTIMIZATION_LEVEL = "-O";
				VALIDATE_PRODUCT = YES;
			};
			name = Release;
		};
		C473567A2626D7D7007BFBC8 /* Debug */ = {
			isa = XCBuildConfiguration;
			buildSettings = {
				ASSETCATALOG_COMPILER_APPICON_NAME = AppIcon;
				ASSETCATALOG_COMPILER_GLOBAL_ACCENT_COLOR_NAME = AccentColor;
				CODE_SIGN_STYLE = Automatic;
				INFOPLIST_FILE = Remider/Info.plist;
				LD_RUNPATH_SEARCH_PATHS = (
					"$(inherited)",
					"@executable_path/Frameworks",
				);
				PRODUCT_BUNDLE_IDENTIFIER = IOS.Remider;
				PRODUCT_NAME = "$(TARGET_NAME)";
				SWIFT_VERSION = 5.0;
				TARGETED_DEVICE_FAMILY = "1,2";
			};
			name = Debug;
		};
		C473567B2626D7D7007BFBC8 /* Release */ = {
			isa = XCBuildConfiguration;
			buildSettings = {
				ASSETCATALOG_COMPILER_APPICON_NAME = AppIcon;
				ASSETCATALOG_COMPILER_GLOBAL_ACCENT_COLOR_NAME = AccentColor;
				CODE_SIGN_STYLE = Automatic;
				INFOPLIST_FILE = Remider/Info.plist;
				LD_RUNPATH_SEARCH_PATHS = (
					"$(inherited)",
					"@executable_path/Frameworks",
				);
				PRODUCT_BUNDLE_IDENTIFIER = IOS.Remider;
				PRODUCT_NAME = "$(TARGET_NAME)";
				SWIFT_VERSION = 5.0;
				TARGETED_DEVICE_FAMILY = "1,2";
			};
			name = Release;
		};
/* End XCBuildConfiguration section */

/* Begin XCConfigurationList section */
		C47356602626D7D6007BFBC8 /* Build configuration list for PBXProject "Remider" */ = {
			isa = XCConfigurationList;
			buildConfigurations = (
				C47356772626D7D7007BFBC8 /* Debug */,
				C47356782626D7D7007BFBC8 /* Release */,
			);
			defaultConfigurationIsVisible = 0;
			defaultConfigurationName = Release;
		};
		C47356792626D7D7007BFBC8 /* Build configuration list for PBXNativeTarget "Remider" */ = {
			isa = XCConfigurationList;
			buildConfigurations = (
				C473567A2626D7D7007BFBC8 /* Debug */,
				C473567B2626D7D7007BFBC8 /* Release */,
			);
			defaultConfigurationIsVisible = 0;
			defaultConfigurationName = Release;
		};
/* End XCConfigurationList section */
	};
	rootObject = C473565D2626D7D6007BFBC8 /* Project object */;
}
